Microsoft Visual Studio Solution File, Format Version 12.00
# Visual Studio Version 16
VisualStudioVersion = 16.0.0.0
MinimumVisualStudioVersion = 16.0.0.0
Project("{9A19103F-16F7-4668-BE54-9A1E7A4F7556}") = "mobileblazorbindings_app", "mobileblazorbindings_app\mobileblazorbindings_app.csproj", "{586A3703-0BDB-4B21-B17F-7341DEA4C17B}"
EndProject
Project("{FAE04EC0-301F-11D3-BF4B-00C04F79EFBC}") = "mobileblazorbindings_app.Android", "mobileblazorbindings_app.Android\mobileblazorbindings_app.Android.csproj", "{8F15255F-0EDE-4968-9F6B-BD7C72BBE083}"
EndProject
Project("{FAE04EC0-301F-11D3-BF4B-00C04F79EFBC}") = "mobileblazorbindings_app.iOS", "mobileblazorbindings_app.iOS\mobileblazorbindings_app.iOS.csproj", "{2CF33C98-6202-46BA-8600-93B5C7FF0509}"
EndProject
Global
	GlobalSection(SolutionConfigurationPlatforms) = preSolution
		Debug|Any CPU = Debug|Any CPU
		Debug|iPhone = Debug|iPhone
		Debug|iPhoneSimulator = Debug|iPhoneSimulator
		Debug|x64 = Debug|x64
		Debug|x86 = Debug|x86
		Release|Any CPU = Release|Any CPU
		Release|iPhone = Release|iPhone
		Release|iPhoneSimulator = Release|iPhoneSimulator
		Release|x64 = Release|x64
		Release|x86 = Release|x86
	EndGlobalSection
	GlobalSection(ProjectConfigurationPlatforms) = postSolution
		{8F15255F-0EDE-4968-9F6B-BD7C72BBE083}.Debug|Any CPU.ActiveCfg = Debug|Any CPU
		{8F15255F-0EDE-4968-9F6B-BD7C72BBE083}.Debug|Any CPU.Build.0 = Debug|Any CPU
		{8F15255F-0EDE-4968-9F6B-BD7C72BBE083}.Debug|Any CPU.Deploy.0 = Debug|Any CPU
		{8F15255F-0EDE-4968-9F6B-BD7C72BBE083}.Debug|iPhone.ActiveCfg = Debug|Any CPU
		{8F15255F-0EDE-4968-9F6B-BD7C72BBE083}.Debug|iPhone.Build.0 = Debug|Any CPU
		{8F15255F-0EDE-4968-9F6B-BD7C72BBE083}.Debug|iPhone.Deploy.0 = Debug|Any CPU
		{8F15255F-0EDE-4968-9F6B-BD7C72BBE083}.Debug|iPhoneSimulator.ActiveCfg = Debug|Any CPU
		{8F15255F-0EDE-4968-9F6B-BD7C72BBE083}.Debug|iPhoneSimulator.Build.0 = Debug|Any CPU
		{8F15255F-0EDE-4968-9F6B-BD7C72BBE083}.Debug|iPhoneSimulator.Deploy.0 = Debug|Any CPU
		{8F15255F-0EDE-4968-9F6B-BD7C72BBE083}.Debug|x64.ActiveCfg = Debug|Any CPU
		{8F15255F-0EDE-4968-9F6B-BD7C72BBE083}.Debug|x64.Build.0 = Debug|Any CPU
		{8F15255F-0EDE-4968-9F6B-BD7C72BBE083}.Debug|x64.Deploy.0 = Debug|Any CPU
		{8F15255F-0EDE-4968-9F6B-BD7C72BBE083}.Debug|x86.ActiveCfg = Debug|Any CPU
		{8F15255F-0EDE-4968-9F6B-BD7C72BBE083}.Debug|x86.Build.0 = Debug|Any CPU
		{8F15255F-0EDE-4968-9F6B-BD7C72BBE083}.Debug|x86.Deploy.0 = Debug|Any CPU
		{8F15255F-0EDE-4968-9F6B-BD7C72BBE083}.Release|Any CPU.ActiveCfg = Release|Any CPU
		{8F15255F-0EDE-4968-9F6B-BD7C72BBE083}.Release|Any CPU.Build.0 = Release|Any CPU
		{8F15255F-0EDE-4968-9F6B-BD7C72BBE083}.Release|Any CPU.Deploy.0 = Release|Any CPU
		{8F15255F-0EDE-4968-9F6B-BD7C72BBE083}.Release|iPhone.ActiveCfg = Release|Any CPU
		{8F15255F-0EDE-4968-9F6B-BD7C72BBE083}.Release|iPhone.Build.0 = Release|Any CPU
		{8F15255F-0EDE-4968-9F6B-BD7C72BBE083}.Release|iPhone.Deploy.0 = Release|Any CPU
		{8F15255F-0EDE-4968-9F6B-BD7C72BBE083}.Release|iPhoneSimulator.ActiveCfg = Release|Any CPU
		{8F15255F-0EDE-4968-9F6B-BD7C72BBE083}.Release|iPhoneSimulator.Build.0 = Release|Any CPU
		{8F15255F-0EDE-4968-9F6B-BD7C72BBE083}.Release|iPhoneSimulator.Deploy.0 = Release|Any CPU
		{8F15255F-0EDE-4968-9F6B-BD7C72BBE083}.Release|x64.ActiveCfg = Release|Any CPU
		{8F15255F-0EDE-4968-9F6B-BD7C72BBE083}.Release|x64.Build.0 = Release|Any CPU
		{8F15255F-0EDE-4968-9F6B-BD7C72BBE083}.Release|x64.Deploy.0 = Release|Any CPU
		{8F15255F-0EDE-4968-9F6B-BD7C72BBE083}.Release|x86.ActiveCfg = Release|Any CPU
		{8F15255F-0EDE-4968-9F6B-BD7C72BBE083}.Release|x86.Build.0 = Release|Any CPU
		{8F15255F-0EDE-4968-9F6B-BD7C72BBE083}.Release|x86.Deploy.0 = Release|Any CPU
		{586A3703-0BDB-4B21-B17F-7341DEA4C17B}.Debug|Any CPU.ActiveCfg = Debug|Any CPU
		{586A3703-0BDB-4B21-B17F-7341DEA4C17B}.Debug|Any CPU.Build.0 = Debug|Any CPU
		{586A3703-0BDB-4B21-B17F-7341DEA4C17B}.Debug|iPhone.ActiveCfg = Debug|Any CPU
		{586A3703-0BDB-4B21-B17F-7341DEA4C17B}.Debug|iPhone.Build.0 = Debug|Any CPU
		{586A3703-0BDB-4B21-B17F-7341DEA4C17B}.Debug|iPhoneSimulator.ActiveCfg = Debug|Any CPU
		{586A3703-0BDB-4B21-B17F-7341DEA4C17B}.Debug|iPhoneSimulator.Build.0 = Debug|Any CPU
		{586A3703-0BDB-4B21-B17F-7341DEA4C17B}.Debug|x64.ActiveCfg = Debug|Any CPU
		{586A3703-0BDB-4B21-B17F-7341DEA4C17B}.Debug|x64.Build.0 = Debug|Any CPU
		{586A3703-0BDB-4B21-B17F-7341DEA4C17B}.Debug|x86.ActiveCfg = Debug|Any CPU
		{586A3703-0BDB-4B21-B17F-7341DEA4C17B}.Debug|x86.Build.0 = Debug|Any CPU
		{586A3703-0BDB-4B21-B17F-7341DEA4C17B}.Release|Any CPU.ActiveCfg = Release|Any CPU
		{586A3703-0BDB-4B21-B17F-7341DEA4C17B}.Release|Any CPU.Build.0 = Release|Any CPU
		{586A3703-0BDB-4B21-B17F-7341DEA4C17B}.Release|iPhone.ActiveCfg = Release|Any CPU
		{586A3703-0BDB-4B21-B17F-7341DEA4C17B}.Release|iPhone.Build.0 = Release|Any CPU
		{586A3703-0BDB-4B21-B17F-7341DEA4C17B}.Release|iPhoneSimulator.ActiveCfg = Release|Any CPU
		{586A3703-0BDB-4B21-B17F-7341DEA4C17B}.Release|iPhoneSimulator.Build.0 = Release|Any CPU
		{586A3703-0BDB-4B21-B17F-7341DEA4C17B}.Release|x64.ActiveCfg = Release|Any CPU
		{586A3703-0BDB-4B21-B17F-7341DEA4C17B}.Release|x64.Build.0 = Release|Any CPU
		{586A3703-0BDB-4B21-B17F-7341DEA4C17B}.Release|x86.ActiveCfg = Release|Any CPU
		{586A3703-0BDB-4B21-B17F-7341DEA4C17B}.Release|x86.Build.0 = Release|Any CPU
		{2CF33C98-6202-46BA-8600-93B5C7FF0509}.Debug|Any CPU.ActiveCfg = Debug|iPhone
		{2CF33C98-6202-46BA-8600-93B5C7FF0509}.Debug|iPhone.ActiveCfg = Debug|iPhone
		{2CF33C98-6202-46BA-8600-93B5C7FF0509}.Debug|iPhone.Build.0 = Debug|iPhone
		{2CF33C98-6202-46BA-8600-93B5C7FF0509}.Debug|iPhoneSimulator.ActiveCfg = Debug|iPhoneSimulator
		{2CF33C98-6202-46BA-8600-93B5C7FF0509}.Debug|iPhoneSimulator.Build.0 = Debug|iPhoneSimulator
		{2CF33C98-6202-46BA-8600-93B5C7FF0509}.Debug|x64.ActiveCfg = Debug|iPhone
		{2CF33C98-6202-46BA-8600-93B5C7FF0509}.Debug|x86.ActiveCfg = Debug|iPhone
		{2CF33C98-6202-46BA-8600-93B5C7FF0509}.Release|Any CPU.ActiveCfg = Release|iPhone
		{2CF33C98-6202-46BA-8600-93B5C7FF0509}.Release|iPhone.ActiveCfg = Release|iPhone
		{2CF33C98-6202-46BA-8600-93B5C7FF0509}.Release|iPhone.Build.0 = Release|iPhone
		{2CF33C98-6202-46BA-8600-93B5C7FF0509}.Release|iPhoneSimulator.ActiveCfg = Release|iPhoneSimulator
		{2CF33C98-6202-46BA-8600-93B5C7FF0509}.Release|iPhoneSimulator.Build.0 = Release|iPhoneSimulator
		{2CF33C98-6202-46BA-8600-93B5C7FF0509}.Release|x64.ActiveCfg = Release|iPhone
		{2CF33C98-6202-46BA-8600-93B5C7FF0509}.Release|x86.ActiveCfg = Release|iPhone
	EndGlobalSection
	GlobalSection(SolutionProperties) = preSolution
		HideSolutionNode = FALSE
	EndGlobalSection
	GlobalSection(ExtensibilityGlobals) = postSolution
		SolutionGuid = {9BD29F17-72D7-4100-B029-7ED9F8589671}
	EndGlobalSection
EndGlobal
