Microsoft Visual Studio Solution File, Format Version 12.00
# Visual Studio Version 16
VisualStudioVersion = 16.0.0.0
MinimumVisualStudioVersion = 16.0.0.0
Project("{9A19103F-16F7-4668-BE54-9A1E7A4F7556}") = "mobileblazorbindings_app", "mobileblazorbindings_app\mobileblazorbindings_app.csproj", "{AA7BC635-6AA3-4BFB-85B8-66495E484F0D}"
EndProject
Project("{FAE04EC0-301F-11D3-BF4B-00C04F79EFBC}") = "mobileblazorbindings_app.Android", "mobileblazorbindings_app.Android\mobileblazorbindings_app.Android.csproj", "{B1A55D22-8C15-403C-BF9A-70FAD187F04F}"
EndProject
Project("{FAE04EC0-301F-11D3-BF4B-00C04F79EFBC}") = "mobileblazorbindings_app.iOS", "mobileblazorbindings_app.iOS\mobileblazorbindings_app.iOS.csproj", "{14810615-F75C-4811-93EC-3BF0BB6AA778}"
EndProject
Global
	GlobalSection(SolutionConfigurationPlatforms) = preSolution
		Debug|Any CPU = Debug|Any CPU
		Debug|iPhone = Debug|iPhone
		Debug|iPhoneSimulator = Debug|iPhoneSimulator
		Debug|x64 = Debug|x64
		Debug|x86 = Debug|x86
		Release|Any CPU = Release|Any CPU
		Release|iPhone = Release|iPhone
		Release|iPhoneSimulator = Release|iPhoneSimulator
		Release|x64 = Release|x64
		Release|x86 = Release|x86
	EndGlobalSection
	GlobalSection(ProjectConfigurationPlatforms) = postSolution
		{B1A55D22-8C15-403C-BF9A-70FAD187F04F}.Debug|Any CPU.ActiveCfg = Debug|Any CPU
		{B1A55D22-8C15-403C-BF9A-70FAD187F04F}.Debug|Any CPU.Build.0 = Debug|Any CPU
		{B1A55D22-8C15-403C-BF9A-70FAD187F04F}.Debug|Any CPU.Deploy.0 = Debug|Any CPU
		{B1A55D22-8C15-403C-BF9A-70FAD187F04F}.Debug|iPhone.ActiveCfg = Debug|Any CPU
		{B1A55D22-8C15-403C-BF9A-70FAD187F04F}.Debug|iPhone.Build.0 = Debug|Any CPU
		{B1A55D22-8C15-403C-BF9A-70FAD187F04F}.Debug|iPhone.Deploy.0 = Debug|Any CPU
		{B1A55D22-8C15-403C-BF9A-70FAD187F04F}.Debug|iPhoneSimulator.ActiveCfg = Debug|Any CPU
		{B1A55D22-8C15-403C-BF9A-70FAD187F04F}.Debug|iPhoneSimulator.Build.0 = Debug|Any CPU
		{B1A55D22-8C15-403C-BF9A-70FAD187F04F}.Debug|iPhoneSimulator.Deploy.0 = Debug|Any CPU
		{B1A55D22-8C15-403C-BF9A-70FAD187F04F}.Debug|x64.ActiveCfg = Debug|Any CPU
		{B1A55D22-8C15-403C-BF9A-70FAD187F04F}.Debug|x64.Build.0 = Debug|Any CPU
		{B1A55D22-8C15-403C-BF9A-70FAD187F04F}.Debug|x64.Deploy.0 = Debug|Any CPU
		{B1A55D22-8C15-403C-BF9A-70FAD187F04F}.Debug|x86.ActiveCfg = Debug|Any CPU
		{B1A55D22-8C15-403C-BF9A-70FAD187F04F}.Debug|x86.Build.0 = Debug|Any CPU
		{B1A55D22-8C15-403C-BF9A-70FAD187F04F}.Debug|x86.Deploy.0 = Debug|Any CPU
		{B1A55D22-8C15-403C-BF9A-70FAD187F04F}.Release|Any CPU.ActiveCfg = Release|Any CPU
		{B1A55D22-8C15-403C-BF9A-70FAD187F04F}.Release|Any CPU.Build.0 = Release|Any CPU
		{B1A55D22-8C15-403C-BF9A-70FAD187F04F}.Release|Any CPU.Deploy.0 = Release|Any CPU
		{B1A55D22-8C15-403C-BF9A-70FAD187F04F}.Release|iPhone.ActiveCfg = Release|Any CPU
		{B1A55D22-8C15-403C-BF9A-70FAD187F04F}.Release|iPhone.Build.0 = Release|Any CPU
		{B1A55D22-8C15-403C-BF9A-70FAD187F04F}.Release|iPhone.Deploy.0 = Release|Any CPU
		{B1A55D22-8C15-403C-BF9A-70FAD187F04F}.Release|iPhoneSimulator.ActiveCfg = Release|Any CPU
		{B1A55D22-8C15-403C-BF9A-70FAD187F04F}.Release|iPhoneSimulator.Build.0 = Release|Any CPU
		{B1A55D22-8C15-403C-BF9A-70FAD187F04F}.Release|iPhoneSimulator.Deploy.0 = Release|Any CPU
		{B1A55D22-8C15-403C-BF9A-70FAD187F04F}.Release|x64.ActiveCfg = Release|Any CPU
		{B1A55D22-8C15-403C-BF9A-70FAD187F04F}.Release|x64.Build.0 = Release|Any CPU
		{B1A55D22-8C15-403C-BF9A-70FAD187F04F}.Release|x64.Deploy.0 = Release|Any CPU
		{B1A55D22-8C15-403C-BF9A-70FAD187F04F}.Release|x86.ActiveCfg = Release|Any CPU
		{B1A55D22-8C15-403C-BF9A-70FAD187F04F}.Release|x86.Build.0 = Release|Any CPU
		{B1A55D22-8C15-403C-BF9A-70FAD187F04F}.Release|x86.Deploy.0 = Release|Any CPU
		{AA7BC635-6AA3-4BFB-85B8-66495E484F0D}.Debug|Any CPU.ActiveCfg = Debug|Any CPU
		{AA7BC635-6AA3-4BFB-85B8-66495E484F0D}.Debug|Any CPU.Build.0 = Debug|Any CPU
		{AA7BC635-6AA3-4BFB-85B8-66495E484F0D}.Debug|iPhone.ActiveCfg = Debug|Any CPU
		{AA7BC635-6AA3-4BFB-85B8-66495E484F0D}.Debug|iPhone.Build.0 = Debug|Any CPU
		{AA7BC635-6AA3-4BFB-85B8-66495E484F0D}.Debug|iPhoneSimulator.ActiveCfg = Debug|Any CPU
		{AA7BC635-6AA3-4BFB-85B8-66495E484F0D}.Debug|iPhoneSimulator.Build.0 = Debug|Any CPU
		{AA7BC635-6AA3-4BFB-85B8-66495E484F0D}.Debug|x64.ActiveCfg = Debug|Any CPU
		{AA7BC635-6AA3-4BFB-85B8-66495E484F0D}.Debug|x64.Build.0 = Debug|Any CPU
		{AA7BC635-6AA3-4BFB-85B8-66495E484F0D}.Debug|x86.ActiveCfg = Debug|Any CPU
		{AA7BC635-6AA3-4BFB-85B8-66495E484F0D}.Debug|x86.Build.0 = Debug|Any CPU
		{AA7BC635-6AA3-4BFB-85B8-66495E484F0D}.Release|Any CPU.ActiveCfg = Release|Any CPU
		{AA7BC635-6AA3-4BFB-85B8-66495E484F0D}.Release|Any CPU.Build.0 = Release|Any CPU
		{AA7BC635-6AA3-4BFB-85B8-66495E484F0D}.Release|iPhone.ActiveCfg = Release|Any CPU
		{AA7BC635-6AA3-4BFB-85B8-66495E484F0D}.Release|iPhone.Build.0 = Release|Any CPU
		{AA7BC635-6AA3-4BFB-85B8-66495E484F0D}.Release|iPhoneSimulator.ActiveCfg = Release|Any CPU
		{AA7BC635-6AA3-4BFB-85B8-66495E484F0D}.Release|iPhoneSimulator.Build.0 = Release|Any CPU
		{AA7BC635-6AA3-4BFB-85B8-66495E484F0D}.Release|x64.ActiveCfg = Release|Any CPU
		{AA7BC635-6AA3-4BFB-85B8-66495E484F0D}.Release|x64.Build.0 = Release|Any CPU
		{AA7BC635-6AA3-4BFB-85B8-66495E484F0D}.Release|x86.ActiveCfg = Release|Any CPU
		{AA7BC635-6AA3-4BFB-85B8-66495E484F0D}.Release|x86.Build.0 = Release|Any CPU
		{14810615-F75C-4811-93EC-3BF0BB6AA778}.Debug|Any CPU.ActiveCfg = Debug|iPhone
		{14810615-F75C-4811-93EC-3BF0BB6AA778}.Debug|iPhone.ActiveCfg = Debug|iPhone
		{14810615-F75C-4811-93EC-3BF0BB6AA778}.Debug|iPhone.Build.0 = Debug|iPhone
		{14810615-F75C-4811-93EC-3BF0BB6AA778}.Debug|iPhoneSimulator.ActiveCfg = Debug|iPhoneSimulator
		{14810615-F75C-4811-93EC-3BF0BB6AA778}.Debug|iPhoneSimulator.Build.0 = Debug|iPhoneSimulator
		{14810615-F75C-4811-93EC-3BF0BB6AA778}.Debug|x64.ActiveCfg = Debug|iPhone
		{14810615-F75C-4811-93EC-3BF0BB6AA778}.Debug|x86.ActiveCfg = Debug|iPhone
		{14810615-F75C-4811-93EC-3BF0BB6AA778}.Release|Any CPU.ActiveCfg = Release|iPhone
		{14810615-F75C-4811-93EC-3BF0BB6AA778}.Release|iPhone.ActiveCfg = Release|iPhone
		{14810615-F75C-4811-93EC-3BF0BB6AA778}.Release|iPhone.Build.0 = Release|iPhone
		{14810615-F75C-4811-93EC-3BF0BB6AA778}.Release|iPhoneSimulator.ActiveCfg = Release|iPhoneSimulator
		{14810615-F75C-4811-93EC-3BF0BB6AA778}.Release|iPhoneSimulator.Build.0 = Release|iPhoneSimulator
		{14810615-F75C-4811-93EC-3BF0BB6AA778}.Release|x64.ActiveCfg = Release|iPhone
		{14810615-F75C-4811-93EC-3BF0BB6AA778}.Release|x86.ActiveCfg = Release|iPhone
	EndGlobalSection
	GlobalSection(SolutionProperties) = preSolution
		HideSolutionNode = FALSE
	EndGlobalSection
	GlobalSection(ExtensibilityGlobals) = postSolution
		SolutionGuid = {EF1D7ACF-9258-48C5-8157-1BF1FD0D2D58}
	EndGlobalSection
EndGlobal